
Microsoft Visual Studio Solution File, Format Version 12.00
# Visual Studio Version 17
VisualStudioVersion = 17.3.32929.385
MinimumVisualStudioVersion = 10.0.40219.1
Project("{9A19103F-16F7-4668-BE54-9A1E7A4F7556}") = "Azure", "Azure.csproj", "{B266230C-AF33-4F20-89EB-7C22D746C151}"
EndProject
Project("{2150E333-8FDC-42A3-9474-1A3956D46DE8}") = "Solution Items", "Solution Items", "{97F34EF7-A429-46BE-B320-73843C349E82}"
	ProjectSection(SolutionItems) = preProject
		.editorconfig = .editorconfig
	EndProjectSection
EndProject
Global
	GlobalSection(SolutionConfigurationPlatforms) = preSolution
		Debug|Any CPU = Debug|Any CPU
		Release|Any CPU = Release|Any CPU
	EndGlobalSection
	GlobalSection(ProjectConfigurationPlatforms) = postSolution
		{B266230C-AF33-4F20-89EB-7C22D746C151}.Debug|Any CPU.ActiveCfg = Debug|Any CPU
		{B266230C-AF33-4F20-89EB-7C22D746C151}.Debug|Any CPU.Build.0 = Debug|Any CPU
		{B266230C-AF33-4F20-89EB-7C22D746C151}.Release|Any CPU.ActiveCfg = Release|Any CPU
		{B266230C-AF33-4F20-89EB-7C22D746C151}.Release|Any CPU.Build.0 = Release|Any CPU
	EndGlobalSection
	GlobalSection(SolutionProperties) = preSolution
		HideSolutionNode = FALSE
	EndGlobalSection
	GlobalSection(ExtensibilityGlobals) = postSolution
		SolutionGuid = {A126D2BF-57A0-4204-A918-492EC0B4AA43}
	EndGlobalSection
EndGlobal
