
Microsoft Visual Studio Solution File, Format Version 12.00
# Visual Studio Version 17
VisualStudioVersion = 17.3.32929.385
MinimumVisualStudioVersion = 10.0.40219.1
Project("{FAE04EC0-301F-11D3-BF4B-00C04F79EFBC}") = "FirstProject", "FirstProject.csproj", "{A0CF3B95-4986-4CD9-921E-DD3FE195D064}"
EndProject
Global
	GlobalSection(SolutionConfigurationPlatforms) = preSolution
		Debug|Any CPU = Debug|Any CPU
		Release|Any CPU = Release|Any CPU
	EndGlobalSection
	GlobalSection(ProjectConfigurationPlatforms) = postSolution
		{A0CF3B95-4986-4CD9-921E-DD3FE195D064}.Debug|Any CPU.ActiveCfg = Debug|Any CPU
		{A0CF3B95-4986-4CD9-921E-DD3FE195D064}.Debug|Any CPU.Build.0 = Debug|Any CPU
		{A0CF3B95-4986-4CD9-921E-DD3FE195D064}.Release|Any CPU.ActiveCfg = Release|Any CPU
		{A0CF3B95-4986-4CD9-921E-DD3FE195D064}.Release|Any CPU.Build.0 = Release|Any CPU
	EndGlobalSection
	GlobalSection(SolutionProperties) = preSolution
		HideSolutionNode = FALSE
	EndGlobalSection
	GlobalSection(ExtensibilityGlobals) = postSolution
		SolutionGuid = {1A1852E3-67F2-4312-A49F-41574BE63698}
	EndGlobalSection
EndGlobal
